
Microsoft Visual Studio Solution File, Format Version 12.00
# Visual Studio Version 17
VisualStudioVersion = 17.8.34525.116
MinimumVisualStudioVersion = 10.0.40219.1
Project("{FAE04EC0-301F-11D3-BF4B-00C04F79EFBC}") = "MvcLogin", "MvcLogin\MvcLogin.csproj", "{D3EEFB6F-614B-4834-B798-2CF841F8A9AD}"
EndProject
Global
	GlobalSection(SolutionConfigurationPlatforms) = preSolution
		Debug|Any CPU = Debug|Any CPU
		Release|Any CPU = Release|Any CPU
	EndGlobalSection
	GlobalSection(ProjectConfigurationPlatforms) = postSolution
		{D3EEFB6F-614B-4834-B798-2CF841F8A9AD}.Debug|Any CPU.ActiveCfg = Debug|Any CPU
		{D3EEFB6F-614B-4834-B798-2CF841F8A9AD}.Debug|Any CPU.Build.0 = Debug|Any CPU
		{D3EEFB6F-614B-4834-B798-2CF841F8A9AD}.Release|Any CPU.ActiveCfg = Release|Any CPU
		{D3EEFB6F-614B-4834-B798-2CF841F8A9AD}.Release|Any CPU.Build.0 = Release|Any CPU
	EndGlobalSection
	GlobalSection(SolutionProperties) = preSolution
		HideSolutionNode = FALSE
	EndGlobalSection
	GlobalSection(ExtensibilityGlobals) = postSolution
		SolutionGuid = {F6EF83F4-18EF-4EC2-9D3B-F1C09C8652FE}
	EndGlobalSection
EndGlobal
